
Microsoft Visual Studio Solution File, Format Version 12.00
# Visual Studio 15
VisualStudioVersion = 15.0.27004.2006
MinimumVisualStudioVersion = 10.0.40219.1
Project("{FAE04EC0-301F-11D3-BF4B-00C04F79EFBC}") = "WebApp", "WebApp\WebApp.csproj", "{D016CE58-345B-4A90-AD37-F42228F889F8}"
EndProject
Project("{FAE04EC0-301F-11D3-BF4B-00C04F79EFBC}") = "WebApp.Tests", "WebApp.Tests\WebApp.Tests.csproj", "{A74D18F5-E4F2-4C38-B844-0247A4A37AFF}"
EndProject
Global
	GlobalSection(SolutionConfigurationPlatforms) = preSolution
		Debug|Any CPU = Debug|Any CPU
		Release|Any CPU = Release|Any CPU
	EndGlobalSection
	GlobalSection(ProjectConfigurationPlatforms) = postSolution
		{D016CE58-345B-4A90-AD37-F42228F889F8}.Debug|Any CPU.ActiveCfg = Debug|Any CPU
		{D016CE58-345B-4A90-AD37-F42228F889F8}.Debug|Any CPU.Build.0 = Debug|Any CPU
		{D016CE58-345B-4A90-AD37-F42228F889F8}.Release|Any CPU.ActiveCfg = Release|Any CPU
		{D016CE58-345B-4A90-AD37-F42228F889F8}.Release|Any CPU.Build.0 = Release|Any CPU
		{A74D18F5-E4F2-4C38-B844-0247A4A37AFF}.Debug|Any CPU.ActiveCfg = Debug|Any CPU
		{A74D18F5-E4F2-4C38-B844-0247A4A37AFF}.Debug|Any CPU.Build.0 = Debug|Any CPU
		{A74D18F5-E4F2-4C38-B844-0247A4A37AFF}.Release|Any CPU.ActiveCfg = Release|Any CPU
		{A74D18F5-E4F2-4C38-B844-0247A4A37AFF}.Release|Any CPU.Build.0 = Release|Any CPU
	EndGlobalSection
	GlobalSection(SolutionProperties) = preSolution
		HideSolutionNode = FALSE
	EndGlobalSection
	GlobalSection(ExtensibilityGlobals) = postSolution
		SolutionGuid = {F5AA1A98-2849-490A-977B-B6153AAC1C35}
	EndGlobalSection
EndGlobal
